
Microsoft Visual Studio Solution File, Format Version 12.00
Project("{FAE04EC0-301F-11D3-BF4B-00C04F79EFBC}") = "DtuFoodAPI", "DtuFoodAPI\DtuFoodAPI.csproj", "{583187C5-32E2-4644-98AA-F8F51ACC18B4}"
EndProject
Project("{FAE04EC0-301F-11D3-BF4B-00C04F79EFBC}") = "DtuFoodAPI.Tests", "DtuFoodAPI.Tests\DtuFoodAPI.Tests.csproj", "{A81A14CD-DCE3-42E2-8E95-D1B2129839F3}"
EndProject
Project("{FAE04EC0-301F-11D3-BF4B-00C04F79EFBC}") = "DtuFoodAPI.IntegrationTests", "DtuFoodAPI.IntegrationTests\DtuFoodAPI.IntegrationTests.csproj", "{3BB3F9EE-70D0-45A2-A345-04CA7EFC832B}"
EndProject
Global
	GlobalSection(SolutionConfigurationPlatforms) = preSolution
		Debug|Any CPU = Debug|Any CPU
		Release|Any CPU = Release|Any CPU
	EndGlobalSection
	GlobalSection(ProjectConfigurationPlatforms) = postSolution
		{583187C5-32E2-4644-98AA-F8F51ACC18B4}.Debug|Any CPU.ActiveCfg = Debug|Any CPU
		{583187C5-32E2-4644-98AA-F8F51ACC18B4}.Debug|Any CPU.Build.0 = Debug|Any CPU
		{583187C5-32E2-4644-98AA-F8F51ACC18B4}.Release|Any CPU.ActiveCfg = Release|Any CPU
		{583187C5-32E2-4644-98AA-F8F51ACC18B4}.Release|Any CPU.Build.0 = Release|Any CPU
		{A81A14CD-DCE3-42E2-8E95-D1B2129839F3}.Debug|Any CPU.ActiveCfg = Debug|Any CPU
		{A81A14CD-DCE3-42E2-8E95-D1B2129839F3}.Debug|Any CPU.Build.0 = Debug|Any CPU
		{A81A14CD-DCE3-42E2-8E95-D1B2129839F3}.Release|Any CPU.ActiveCfg = Release|Any CPU
		{A81A14CD-DCE3-42E2-8E95-D1B2129839F3}.Release|Any CPU.Build.0 = Release|Any CPU
		{3BB3F9EE-70D0-45A2-A345-04CA7EFC832B}.Debug|Any CPU.ActiveCfg = Debug|Any CPU
		{3BB3F9EE-70D0-45A2-A345-04CA7EFC832B}.Debug|Any CPU.Build.0 = Debug|Any CPU
		{3BB3F9EE-70D0-45A2-A345-04CA7EFC832B}.Release|Any CPU.ActiveCfg = Release|Any CPU
		{3BB3F9EE-70D0-45A2-A345-04CA7EFC832B}.Release|Any CPU.Build.0 = Release|Any CPU
	EndGlobalSection
EndGlobal
